
Microsoft Visual Studio Solution File, Format Version 12.00
# Visual Studio 2012
Project("{2150E333-8FDC-42A3-9474-1A3956D46DE8}") = "Solution Items", "Solution Items", "{05A24553-2AE7-4D2C-96EF-EF4F5A72B52B}"
	ProjectSection(SolutionItems) = preProject
		LICENSE = LICENSE
		README.md = README.md
	EndProjectSection
EndProject
Project("{FAE04EC0-301F-11D3-BF4B-00C04F79EFBC}") = "Serilog.Sinks.Azure.Functions", "src\Serilog.Sinks.Azure.Functions\Serilog.Sinks.Azure.Functions.csproj", "{87A33261-25BF-4977-BF58-7DF211CD0F3A}"
EndProject
Global
	GlobalSection(SolutionConfigurationPlatforms) = preSolution
		Debug|Any CPU = Debug|Any CPU
		Release|Any CPU = Release|Any CPU
	EndGlobalSection
	GlobalSection(ProjectConfigurationPlatforms) = postSolution
		{87A33261-25BF-4977-BF58-7DF211CD0F3A}.Debug|Any CPU.ActiveCfg = Debug|Any CPU
		{87A33261-25BF-4977-BF58-7DF211CD0F3A}.Debug|Any CPU.Build.0 = Debug|Any CPU
		{87A33261-25BF-4977-BF58-7DF211CD0F3A}.Release|Any CPU.ActiveCfg = Release|Any CPU
		{87A33261-25BF-4977-BF58-7DF211CD0F3A}.Release|Any CPU.Build.0 = Release|Any CPU
	EndGlobalSection
EndGlobal
